
Microsoft Visual Studio Solution File, Format Version 12.00
# Visual Studio Version 16
VisualStudioVersion = 16.0.31205.134
MinimumVisualStudioVersion = 10.0.40219.1
Project("{8BC9CEB8-8B4A-11D0-8D11-00A0C91BC942}") = "sdk_c++", "sdk_c++\sdk_c++.vcxproj", "{F5AE3F1D-30A1-40E2-9C94-3E39DC878D88}"
EndProject
Global
	GlobalSection(SolutionConfigurationPlatforms) = preSolution
		Debug|x64 = Debug|x64
		Debug|x86 = Debug|x86
	EndGlobalSection
	GlobalSection(ProjectConfigurationPlatforms) = postSolution
		{F5AE3F1D-30A1-40E2-9C94-3E39DC878D88}.Debug|x64.ActiveCfg = Debug|x64
		{F5AE3F1D-30A1-40E2-9C94-3E39DC878D88}.Debug|x64.Build.0 = Debug|x64
		{F5AE3F1D-30A1-40E2-9C94-3E39DC878D88}.Debug|x86.ActiveCfg = Debug|Win32
		{F5AE3F1D-30A1-40E2-9C94-3E39DC878D88}.Debug|x86.Build.0 = Debug|Win32
	EndGlobalSection
	GlobalSection(SolutionProperties) = preSolution
		HideSolutionNode = FALSE
	EndGlobalSection
	GlobalSection(ExtensibilityGlobals) = postSolution
		SolutionGuid = {24760193-F40C-41E3-B34D-76F172D1A286}
	EndGlobalSection
EndGlobal
